// !$*UTF8*$!
{
	archiveVersion = 1;
	classes = {
	};
	objectVersion = 46;
	objects = {

/* Begin PBXBuildFile section */
		841CB1B11DCF111300F43ACA /* GoalNode.swift in Sources */ = {isa = PBXBuildFile; fileRef = 841CB1B01DCF111300F43ACA /* GoalNode.swift */; };
		841CB1B31DCF12E900F43ACA /* CollisionBitmask.swift in Sources */ = {isa = PBXBuildFile; fileRef = 841CB1B21DCF12E900F43ACA /* CollisionBitmask.swift */; };
		8421CFB01D96659000E3DE04 /* SKButton.swift in Sources */ = {isa = PBXBuildFile; fileRef = 8421CFAF1D96659000E3DE04 /* SKButton.swift */; };
		8421CFB21D97971000E3DE04 /* Obstacle.swift in Sources */ = {isa = PBXBuildFile; fileRef = 8421CFB11D97971000E3DE04 /* Obstacle.swift */; };
		8421CFB41D979C2300E3DE04 /* Player.swift in Sources */ = {isa = PBXBuildFile; fileRef = 8421CFB31D979C2300E3DE04 /* Player.swift */; };
		8421CFB61D979CF300E3DE04 /* Utility.swift in Sources */ = {isa = PBXBuildFile; fileRef = 8421CFB51D979CF300E3DE04 /* Utility.swift */; };
		8421CFB81D97B1F800E3DE04 /* PlayerController.swift in Sources */ = {isa = PBXBuildFile; fileRef = 8421CFB71D97B1F800E3DE04 /* PlayerController.swift */; };
		844EB05D1D9645B600E5CD0E /* AppDelegate.swift in Sources */ = {isa = PBXBuildFile; fileRef = 844EB05C1D9645B600E5CD0E /* AppDelegate.swift */; };
		844EB0631D9645B600E5CD0E /* GameScene.swift in Sources */ = {isa = PBXBuildFile; fileRef = 844EB0621D9645B600E5CD0E /* GameScene.swift */; };
		844EB0651D9645B600E5CD0E /* GameViewController.swift in Sources */ = {isa = PBXBuildFile; fileRef = 844EB0641D9645B600E5CD0E /* GameViewController.swift */; };
		844EB0681D9645B600E5CD0E /* Main.storyboard in Resources */ = {isa = PBXBuildFile; fileRef = 844EB0661D9645B600E5CD0E /* Main.storyboard */; };
		844EB06A1D9645B600E5CD0E /* Assets.xcassets in Resources */ = {isa = PBXBuildFile; fileRef = 844EB0691D9645B600E5CD0E /* Assets.xcassets */; };
		844EB06D1D9645B600E5CD0E /* LaunchScreen.storyboard in Resources */ = {isa = PBXBuildFile; fileRef = 844EB06B1D9645B600E5CD0E /* LaunchScreen.storyboard */; };
		84516D671D9E43E000972825 /* EnemyManager.swift in Sources */ = {isa = PBXBuildFile; fileRef = 84516D661D9E43E000972825 /* EnemyManager.swift */; };
		84B496FE1DA8A5E600161B25 /* GameConst.swift in Sources */ = {isa = PBXBuildFile; fileRef = 84B496FD1DA8A5E600161B25 /* GameConst.swift */; };
		84D2CA171DF31F2D00EF7925 /* ResultScene.swift in Sources */ = {isa = PBXBuildFile; fileRef = 84D2CA161DF31F2D00EF7925 /* ResultScene.swift */; };
		84D347311D966334003EBB0B /* StartScene.swift in Sources */ = {isa = PBXBuildFile; fileRef = 84D347301D966334003EBB0B /* StartScene.swift */; };
		AA4803AB1D977E38006DAD6D /* Enemy.swift in Sources */ = {isa = PBXBuildFile; fileRef = AA4803AA1D977E38006DAD6D /* Enemy.swift */; };
		AD1B354B26A79F5FCE0D9F72 /* Pods_HachitaiGame.framework in Frameworks */ = {isa = PBXBuildFile; fileRef = 70A9D225110B5E76560FE958 /* Pods_HachitaiGame.framework */; };
/* End PBXBuildFile section */

/* Begin PBXFileReference section */
		04A9638B95D54B3AF0110815 /* Pods-HachitaiGame.release.xcconfig */ = {isa = PBXFileReference; includeInIndex = 1; lastKnownFileType = text.xcconfig; name = "Pods-HachitaiGame.release.xcconfig"; path = "Pods/Target Support Files/Pods-HachitaiGame/Pods-HachitaiGame.release.xcconfig"; sourceTree = "<group>"; };
		69AE5CB7697343924C74C487 /* Pods-HachitaiGame.debug.xcconfig */ = {isa = PBXFileReference; includeInIndex = 1; lastKnownFileType = text.xcconfig; name = "Pods-HachitaiGame.debug.xcconfig"; path = "Pods/Target Support Files/Pods-HachitaiGame/Pods-HachitaiGame.debug.xcconfig"; sourceTree = "<group>"; };
		70A9D225110B5E76560FE958 /* Pods_HachitaiGame.framework */ = {isa = PBXFileReference; explicitFileType = wrapper.framework; includeInIndex = 0; path = Pods_HachitaiGame.framework; sourceTree = BUILT_PRODUCTS_DIR; };
		841CB1B01DCF111300F43ACA /* GoalNode.swift */ = {isa = PBXFileReference; fileEncoding = 4; lastKnownFileType = sourcecode.swift; path = GoalNode.swift; sourceTree = "<group>"; };
		841CB1B21DCF12E900F43ACA /* CollisionBitmask.swift */ = {isa = PBXFileReference; fileEncoding = 4; lastKnownFileType = sourcecode.swift; path = CollisionBitmask.swift; sourceTree = "<group>"; };
		8421CFAF1D96659000E3DE04 /* SKButton.swift */ = {isa = PBXFileReference; fileEncoding = 4; lastKnownFileType = sourcecode.swift; path = SKButton.swift; sourceTree = "<group>"; };
		8421CFB11D97971000E3DE04 /* Obstacle.swift */ = {isa = PBXFileReference; fileEncoding = 4; lastKnownFileType = sourcecode.swift; path = Obstacle.swift; sourceTree = "<group>"; };
		8421CFB31D979C2300E3DE04 /* Player.swift */ = {isa = PBXFileReference; fileEncoding = 4; lastKnownFileType = sourcecode.swift; path = Player.swift; sourceTree = "<group>"; };
		8421CFB51D979CF300E3DE04 /* Utility.swift */ = {isa = PBXFileReference; fileEncoding = 4; lastKnownFileType = sourcecode.swift; path = Utility.swift; sourceTree = "<group>"; };
		8421CFB71D97B1F800E3DE04 /* PlayerController.swift */ = {isa = PBXFileReference; fileEncoding = 4; lastKnownFileType = sourcecode.swift; path = PlayerController.swift; sourceTree = "<group>"; };
		844EB0591D9645B600E5CD0E /* HachitaiGame.app */ = {isa = PBXFileReference; explicitFileType = wrapper.application; includeInIndex = 0; path = HachitaiGame.app; sourceTree = BUILT_PRODUCTS_DIR; };
		844EB05C1D9645B600E5CD0E /* AppDelegate.swift */ = {isa = PBXFileReference; lastKnownFileType = sourcecode.swift; path = AppDelegate.swift; sourceTree = "<group>"; };
		844EB0621D9645B600E5CD0E /* GameScene.swift */ = {isa = PBXFileReference; lastKnownFileType = sourcecode.swift; path = GameScene.swift; sourceTree = "<group>"; };
		844EB0641D9645B600E5CD0E /* GameViewController.swift */ = {isa = PBXFileReference; lastKnownFileType = sourcecode.swift; path = GameViewController.swift; sourceTree = "<group>"; };
		844EB0671D9645B600E5CD0E /* Base */ = {isa = PBXFileReference; lastKnownFileType = file.storyboard; name = Base; path = Base.lproj/Main.storyboard; sourceTree = "<group>"; };
		844EB0691D9645B600E5CD0E /* Assets.xcassets */ = {isa = PBXFileReference; lastKnownFileType = folder.assetcatalog; path = Assets.xcassets; sourceTree = "<group>"; };
		844EB06C1D9645B600E5CD0E /* Base */ = {isa = PBXFileReference; lastKnownFileType = file.storyboard; name = Base; path = Base.lproj/LaunchScreen.storyboard; sourceTree = "<group>"; };
		844EB06E1D9645B600E5CD0E /* Info.plist */ = {isa = PBXFileReference; lastKnownFileType = text.plist.xml; path = Info.plist; sourceTree = "<group>"; };
		84516D661D9E43E000972825 /* EnemyManager.swift */ = {isa = PBXFileReference; fileEncoding = 4; lastKnownFileType = sourcecode.swift; path = EnemyManager.swift; sourceTree = "<group>"; };
		84B496FD1DA8A5E600161B25 /* GameConst.swift */ = {isa = PBXFileReference; fileEncoding = 4; lastKnownFileType = sourcecode.swift; path = GameConst.swift; sourceTree = "<group>"; };
		84D2CA161DF31F2D00EF7925 /* ResultScene.swift */ = {isa = PBXFileReference; fileEncoding = 4; lastKnownFileType = sourcecode.swift; path = ResultScene.swift; sourceTree = "<group>"; };
		84D347301D966334003EBB0B /* StartScene.swift */ = {isa = PBXFileReference; fileEncoding = 4; lastKnownFileType = sourcecode.swift; path = StartScene.swift; sourceTree = "<group>"; };
		AA4803AA1D977E38006DAD6D /* Enemy.swift */ = {isa = PBXFileReference; fileEncoding = 4; lastKnownFileType = sourcecode.swift; path = Enemy.swift; sourceTree = "<group>"; };
/* End PBXFileReference section */

/* Begin PBXFrameworksBuildPhase section */
		844EB0561D9645B600E5CD0E /* Frameworks */ = {
			isa = PBXFrameworksBuildPhase;
			buildActionMask = 2147483647;
			files = (
				AD1B354B26A79F5FCE0D9F72 /* Pods_HachitaiGame.framework in Frameworks */,
			);
			runOnlyForDeploymentPostprocessing = 0;
		};
/* End PBXFrameworksBuildPhase section */

/* Begin PBXGroup section */
		4D56BDFAFE39CCE9943AFDE9 /* Pods */ = {
			isa = PBXGroup;
			children = (
				69AE5CB7697343924C74C487 /* Pods-HachitaiGame.debug.xcconfig */,
				04A9638B95D54B3AF0110815 /* Pods-HachitaiGame.release.xcconfig */,
			);
			name = Pods;
			sourceTree = "<group>";
		};
		8421CFAE1D96656200E3DE04 /* UI */ = {
			isa = PBXGroup;
			children = (
				8421CFAF1D96659000E3DE04 /* SKButton.swift */,
			);
			name = UI;
			sourceTree = "<group>";
		};
		844EB0501D9645B600E5CD0E = {
			isa = PBXGroup;
			children = (
				844EB05B1D9645B600E5CD0E /* HachitaiGame */,
				844EB05A1D9645B600E5CD0E /* Products */,
				4D56BDFAFE39CCE9943AFDE9 /* Pods */,
				9DB307C376646C861AC7CB61 /* Frameworks */,
			);
			sourceTree = "<group>";
		};
		844EB05A1D9645B600E5CD0E /* Products */ = {
			isa = PBXGroup;
			children = (
				844EB0591D9645B600E5CD0E /* HachitaiGame.app */,
			);
			name = Products;
			sourceTree = "<group>";
		};
		844EB05B1D9645B600E5CD0E /* HachitaiGame */ = {
			isa = PBXGroup;
			children = (
				AA4803AC1D977E3E006DAD6D /* Game */,
				844EB05C1D9645B600E5CD0E /* AppDelegate.swift */,
				844EB0621D9645B600E5CD0E /* GameScene.swift */,
				84D2CA161DF31F2D00EF7925 /* ResultScene.swift */,
				84D347301D966334003EBB0B /* StartScene.swift */,
				8421CFAE1D96656200E3DE04 /* UI */,
				844EB0641D9645B600E5CD0E /* GameViewController.swift */,
				844EB0661D9645B600E5CD0E /* Main.storyboard */,
				844EB0691D9645B600E5CD0E /* Assets.xcassets */,
				844EB06B1D9645B600E5CD0E /* LaunchScreen.storyboard */,
				844EB06E1D9645B600E5CD0E /* Info.plist */,
			);
			path = HachitaiGame;
			sourceTree = "<group>";
		};
		9DB307C376646C861AC7CB61 /* Frameworks */ = {
			isa = PBXGroup;
			children = (
				70A9D225110B5E76560FE958 /* Pods_HachitaiGame.framework */,
			);
			name = Frameworks;
			sourceTree = "<group>";
		};
		AA4803AC1D977E3E006DAD6D /* Game */ = {
			isa = PBXGroup;
			children = (
				8421CFB11D97971000E3DE04 /* Obstacle.swift */,
				AA4803AA1D977E38006DAD6D /* Enemy.swift */,
				8421CFB31D979C2300E3DE04 /* Player.swift */,
				84B496FD1DA8A5E600161B25 /* GameConst.swift */,
				8421CFB51D979CF300E3DE04 /* Utility.swift */,
				8421CFB71D97B1F800E3DE04 /* PlayerController.swift */,
				84516D661D9E43E000972825 /* EnemyManager.swift */,
				841CB1B01DCF111300F43ACA /* GoalNode.swift */,
				841CB1B21DCF12E900F43ACA /* CollisionBitmask.swift */,
			);
			name = Game;
			sourceTree = "<group>";
		};
/* End PBXGroup section */

/* Begin PBXNativeTarget section */
		844EB0581D9645B600E5CD0E /* HachitaiGame */ = {
			isa = PBXNativeTarget;
			buildConfigurationList = 844EB0711D9645B600E5CD0E /* Build configuration list for PBXNativeTarget "HachitaiGame" */;
			buildPhases = (
				EC15606F819D7F7CF35950FE /* [CP] Check Pods Manifest.lock */,
				844EB0551D9645B600E5CD0E /* Sources */,
				844EB0561D9645B600E5CD0E /* Frameworks */,
				844EB0571D9645B600E5CD0E /* Resources */,
				2FE6C59116C236FB3E7152AB /* [CP] Embed Pods Frameworks */,
				407D118892109B1323DAD724 /* [CP] Copy Pods Resources */,
			);
			buildRules = (
			);
			dependencies = (
			);
			name = HachitaiGame;
			productName = HachitaiGame;
			productReference = 844EB0591D9645B600E5CD0E /* HachitaiGame.app */;
			productType = "com.apple.product-type.application";
		};
/* End PBXNativeTarget section */

/* Begin PBXProject section */
		844EB0511D9645B600E5CD0E /* Project object */ = {
			isa = PBXProject;
			attributes = {
				LastSwiftUpdateCheck = 0800;
				LastUpgradeCheck = 0810;
				ORGANIZATIONNAME = admin;
				TargetAttributes = {
					844EB0581D9645B600E5CD0E = {
						CreatedOnToolsVersion = 8.0;
						DevelopmentTeam = 45L87LYPN5;
						LastSwiftMigration = 0800;
						ProvisioningStyle = Automatic;
					};
				};
			};
			buildConfigurationList = 844EB0541D9645B600E5CD0E /* Build configuration list for PBXProject "HachitaiGame" */;
			compatibilityVersion = "Xcode 3.2";
			developmentRegion = English;
			hasScannedForEncodings = 0;
			knownRegions = (
				en,
				Base,
			);
			mainGroup = 844EB0501D9645B600E5CD0E;
			productRefGroup = 844EB05A1D9645B600E5CD0E /* Products */;
			projectDirPath = "";
			projectRoot = "";
			targets = (
				844EB0581D9645B600E5CD0E /* HachitaiGame */,
			);
		};
/* End PBXProject section */

/* Begin PBXResourcesBuildPhase section */
		844EB0571D9645B600E5CD0E /* Resources */ = {
			isa = PBXResourcesBuildPhase;
			buildActionMask = 2147483647;
			files = (
				844EB0681D9645B600E5CD0E /* Main.storyboard in Resources */,
				844EB06A1D9645B600E5CD0E /* Assets.xcassets in Resources */,
				844EB06D1D9645B600E5CD0E /* LaunchScreen.storyboard in Resources */,
			);
			runOnlyForDeploymentPostprocessing = 0;
		};
/* End PBXResourcesBuildPhase section */

/* Begin PBXShellScriptBuildPhase section */
		2FE6C59116C236FB3E7152AB /* [CP] Embed Pods Frameworks */ = {
			isa = PBXShellScriptBuildPhase;
			buildActionMask = 2147483647;
			files = (
			);
			inputPaths = (
			);
			name = "[CP] Embed Pods Frameworks";
			outputPaths = (
			);
			runOnlyForDeploymentPostprocessing = 0;
			shellPath = /bin/sh;
			shellScript = "\"${SRCROOT}/Pods/Target Support Files/Pods-HachitaiGame/Pods-HachitaiGame-frameworks.sh\"\n";
			showEnvVarsInLog = 0;
		};
		407D118892109B1323DAD724 /* [CP] Copy Pods Resources */ = {
			isa = PBXShellScriptBuildPhase;
			buildActionMask = 2147483647;
			files = (
			);
			inputPaths = (
			);
			name = "[CP] Copy Pods Resources";
			outputPaths = (
			);
			runOnlyForDeploymentPostprocessing = 0;
			shellPath = /bin/sh;
			shellScript = "\"${SRCROOT}/Pods/Target Support Files/Pods-HachitaiGame/Pods-HachitaiGame-resources.sh\"\n";
			showEnvVarsInLog = 0;
		};
		EC15606F819D7F7CF35950FE /* [CP] Check Pods Manifest.lock */ = {
			isa = PBXShellScriptBuildPhase;
			buildActionMask = 2147483647;
			files = (
			);
			inputPaths = (
			);
			name = "[CP] Check Pods Manifest.lock";
			outputPaths = (
			);
			runOnlyForDeploymentPostprocessing = 0;
			shellPath = /bin/sh;
			shellScript = "diff \"${PODS_ROOT}/../Podfile.lock\" \"${PODS_ROOT}/Manifest.lock\" > /dev/null\nif [[ $? != 0 ]] ; then\n    cat << EOM\nerror: The sandbox is not in sync with the Podfile.lock. Run 'pod install' or update your CocoaPods installation.\nEOM\n    exit 1\nfi\n";
			showEnvVarsInLog = 0;
		};
/* End PBXShellScriptBuildPhase section */

/* Begin PBXSourcesBuildPhase section */
		844EB0551D9645B600E5CD0E /* Sources */ = {
			isa = PBXSourcesBuildPhase;
			buildActionMask = 2147483647;
			files = (
				8421CFB61D979CF300E3DE04 /* Utility.swift in Sources */,
				8421CFB21D97971000E3DE04 /* Obstacle.swift in Sources */,
				8421CFB01D96659000E3DE04 /* SKButton.swift in Sources */,
				844EB0631D9645B600E5CD0E /* GameScene.swift in Sources */,
				AA4803AB1D977E38006DAD6D /* Enemy.swift in Sources */,
				8421CFB41D979C2300E3DE04 /* Player.swift in Sources */,
				841CB1B31DCF12E900F43ACA /* CollisionBitmask.swift in Sources */,
				844EB0651D9645B600E5CD0E /* GameViewController.swift in Sources */,
				844EB05D1D9645B600E5CD0E /* AppDelegate.swift in Sources */,
				841CB1B11DCF111300F43ACA /* GoalNode.swift in Sources */,
				84516D671D9E43E000972825 /* EnemyManager.swift in Sources */,
				8421CFB81D97B1F800E3DE04 /* PlayerController.swift in Sources */,
				84D347311D966334003EBB0B /* StartScene.swift in Sources */,
				84D2CA171DF31F2D00EF7925 /* ResultScene.swift in Sources */,
				84B496FE1DA8A5E600161B25 /* GameConst.swift in Sources */,
			);
			runOnlyForDeploymentPostprocessing = 0;
		};
/* End PBXSourcesBuildPhase section */

/* Begin PBXVariantGroup section */
		844EB0661D9645B600E5CD0E /* Main.storyboard */ = {
			isa = PBXVariantGroup;
			children = (
				844EB0671D9645B600E5CD0E /* Base */,
			);
			name = Main.storyboard;
			sourceTree = "<group>";
		};
		844EB06B1D9645B600E5CD0E /* LaunchScreen.storyboard */ = {
			isa = PBXVariantGroup;
			children = (
				844EB06C1D9645B600E5CD0E /* Base */,
			);
			name = LaunchScreen.storyboard;
			sourceTree = "<group>";
		};
/* End PBXVariantGroup section */

/* Begin XCBuildConfiguration section */
		844EB06F1D9645B600E5CD0E /* Debug */ = {
			isa = XCBuildConfiguration;
			buildSettings = {
				ALWAYS_SEARCH_USER_PATHS = NO;
				CLANG_ANALYZER_NONNULL = YES;
				CLANG_CXX_LANGUAGE_STANDARD = "gnu++0x";
				CLANG_CXX_LIBRARY = "libc++";
				CLANG_ENABLE_MODULES = YES;
				CLANG_ENABLE_OBJC_ARC = YES;
				CLANG_WARN_BOOL_CONVERSION = YES;
				CLANG_WARN_CONSTANT_CONVERSION = YES;
				CLANG_WARN_DIRECT_OBJC_ISA_USAGE = YES_ERROR;
				CLANG_WARN_DOCUMENTATION_COMMENTS = YES;
				CLANG_WARN_EMPTY_BODY = YES;
				CLANG_WARN_ENUM_CONVERSION = YES;
				CLANG_WARN_INFINITE_RECURSION = YES;
				CLANG_WARN_INT_CONVERSION = YES;
				CLANG_WARN_OBJC_ROOT_CLASS = YES_ERROR;
				CLANG_WARN_SUSPICIOUS_MOVE = YES;
				CLANG_WARN_SUSPICIOUS_MOVES = YES;
				CLANG_WARN_UNREACHABLE_CODE = YES;
				CLANG_WARN__DUPLICATE_METHOD_MATCH = YES;
				"CODE_SIGN_IDENTITY[sdk=iphoneos*]" = "iPhone Developer";
				COPY_PHASE_STRIP = NO;
				DEBUG_INFORMATION_FORMAT = dwarf;
				ENABLE_STRICT_OBJC_MSGSEND = YES;
				ENABLE_TESTABILITY = YES;
				GCC_C_LANGUAGE_STANDARD = gnu99;
				GCC_DYNAMIC_NO_PIC = NO;
				GCC_NO_COMMON_BLOCKS = YES;
				GCC_OPTIMIZATION_LEVEL = 0;
				GCC_PREPROCESSOR_DEFINITIONS = (
					"DEBUG=1",
					"$(inherited)",
				);
				GCC_WARN_64_TO_32_BIT_CONVERSION = YES;
				GCC_WARN_ABOUT_RETURN_TYPE = YES_ERROR;
				GCC_WARN_UNDECLARED_SELECTOR = YES;
				GCC_WARN_UNINITIALIZED_AUTOS = YES_AGGRESSIVE;
				GCC_WARN_UNUSED_FUNCTION = YES;
				GCC_WARN_UNUSED_VARIABLE = YES;
				IPHONEOS_DEPLOYMENT_TARGET = 10.0;
				MTL_ENABLE_DEBUG_INFO = YES;
				ONLY_ACTIVE_ARCH = YES;
				SDKROOT = iphoneos;
				SWIFT_ACTIVE_COMPILATION_CONDITIONS = DEBUG;
				SWIFT_OPTIMIZATION_LEVEL = "-Onone";
			};
			name = Debug;
		};
		844EB0701D9645B600E5CD0E /* Release */ = {
			isa = XCBuildConfiguration;
			buildSettings = {
				ALWAYS_SEARCH_USER_PATHS = NO;
				CLANG_ANALYZER_NONNULL = YES;
				CLANG_CXX_LANGUAGE_STANDARD = "gnu++0x";
				CLANG_CXX_LIBRARY = "libc++";
				CLANG_ENABLE_MODULES = YES;
				CLANG_ENABLE_OBJC_ARC = YES;
				CLANG_WARN_BOOL_CONVERSION = YES;
				CLANG_WARN_CONSTANT_CONVERSION = YES;
				CLANG_WARN_DIRECT_OBJC_ISA_USAGE = YES_ERROR;
				CLANG_WARN_DOCUMENTATION_COMMENTS = YES;
				CLANG_WARN_EMPTY_BODY = YES;
				CLANG_WARN_ENUM_CONVERSION = YES;
				CLANG_WARN_INFINITE_RECURSION = YES;
				CLANG_WARN_INT_CONVERSION = YES;
				CLANG_WARN_OBJC_ROOT_CLASS = YES_ERROR;
				CLANG_WARN_SUSPICIOUS_MOVE = YES;
				CLANG_WARN_SUSPICIOUS_MOVES = YES;
				CLANG_WARN_UNREACHABLE_CODE = YES;
				CLANG_WARN__DUPLICATE_METHOD_MATCH = YES;
				"CODE_SIGN_IDENTITY[sdk=iphoneos*]" = "iPhone Developer";
				COPY_PHASE_STRIP = NO;
				DEBUG_INFORMATION_FORMAT = "dwarf-with-dsym";
				ENABLE_NS_ASSERTIONS = NO;
				ENABLE_STRICT_OBJC_MSGSEND = YES;
				GCC_C_LANGUAGE_STANDARD = gnu99;
				GCC_NO_COMMON_BLOCKS = YES;
				GCC_WARN_64_TO_32_BIT_CONVERSION = YES;
				GCC_WARN_ABOUT_RETURN_TYPE = YES_ERROR;
				GCC_WARN_UNDECLARED_SELECTOR = YES;
				GCC_WARN_UNINITIALIZED_AUTOS = YES_AGGRESSIVE;
				GCC_WARN_UNUSED_FUNCTION = YES;
				GCC_WARN_UNUSED_VARIABLE = YES;
				IPHONEOS_DEPLOYMENT_TARGET = 10.0;
				MTL_ENABLE_DEBUG_INFO = NO;
				SDKROOT = iphoneos;
				SWIFT_OPTIMIZATION_LEVEL = "-Owholemodule";
				VALIDATE_PRODUCT = YES;
			};
			name = Release;
		};
		844EB0721D9645B600E5CD0E /* Debug */ = {
			isa = XCBuildConfiguration;
			baseConfigurationReference = 69AE5CB7697343924C74C487 /* Pods-HachitaiGame.debug.xcconfig */;
			buildSettings = {
				ALWAYS_EMBED_SWIFT_STANDARD_LIBRARIES = YES;
				ASSETCATALOG_COMPILER_APPICON_NAME = AppIcon;
				DEVELOPMENT_TEAM = 45L87LYPN5;
				INFOPLIST_FILE = HachitaiGame/Info.plist;
				IPHONEOS_DEPLOYMENT_TARGET = 9.3;
				LD_RUNPATH_SEARCH_PATHS = "$(inherited) @executable_path/Frameworks";
				PRODUCT_BUNDLE_IDENTIFIER = com.karamarimo.HachitaiGame;
				PRODUCT_NAME = "$(TARGET_NAME)";
				SWIFT_VERSION = 3.0;
			};
			name = Debug;
		};
		844EB0731D9645B600E5CD0E /* Release */ = {
			isa = XCBuildConfiguration;
			baseConfigurationReference = 04A9638B95D54B3AF0110815 /* Pods-HachitaiGame.release.xcconfig */;
			buildSettings = {
				ALWAYS_EMBED_SWIFT_STANDARD_LIBRARIES = YES;
				ASSETCATALOG_COMPILER_APPICON_NAME = AppIcon;
				DEVELOPMENT_TEAM = 45L87LYPN5;
				INFOPLIST_FILE = HachitaiGame/Info.plist;
				IPHONEOS_DEPLOYMENT_TARGET = 9.3;
				LD_RUNPATH_SEARCH_PATHS = "$(inherited) @executable_path/Frameworks";
				PRODUCT_BUNDLE_IDENTIFIER = com.karamarimo.HachitaiGame;
				PRODUCT_NAME = "$(TARGET_NAME)";
				SWIFT_VERSION = 3.0;
			};
			name = Release;
		};
/* End XCBuildConfiguration section */

/* Begin XCConfigurationList section */
		844EB0541D9645B600E5CD0E /* Build configuration list for PBXProject "HachitaiGame" */ = {
			isa = XCConfigurationList;
			buildConfigurations = (
				844EB06F1D9645B600E5CD0E /* Debug */,
				844EB0701D9645B600E5CD0E /* Release */,
			);
			defaultConfigurationIsVisible = 0;
			defaultConfigurationName = Release;
		};
		844EB0711D9645B600E5CD0E /* Build configuration list for PBXNativeTarget "HachitaiGame" */ = {
			isa = XCConfigurationList;
			buildConfigurations = (
				844EB0721D9645B600E5CD0E /* Debug */,
				844EB0731D9645B600E5CD0E /* Release */,
			);
			defaultConfigurationIsVisible = 0;
			defaultConfigurationName = Release;
		};
/* End XCConfigurationList section */
	};
	rootObject = 844EB0511D9645B600E5CD0E /* Project object */;
}
